
Microsoft Visual Studio Solution File, Format Version 12.00
# Visual Studio Version 17
VisualStudioVersion = 17.13.35931.197
MinimumVisualStudioVersion = 10.0.40219.1
Project("{FAE04EC0-301F-11D3-BF4B-00C04F79EFBC}") = "FHTW.Swen1.Forum", "FHTW.Swen1.Forum\FHTW.Swen1.Forum.csproj", "{BFDC080C-4378-4507-A301-1F28BE96E5B8}"
EndProject
Project("{FAE04EC0-301F-11D3-BF4B-00C04F79EFBC}") = "FHTW.Swen1.Forum.Tests", "FHTW.Swen1.Forum.Tests\FHTW.Swen1.Forum.Tests.csproj", "{D3D4853D-C720-4F5A-9A95-A5CD8FE2A995}"
EndProject
Global
	GlobalSection(SolutionConfigurationPlatforms) = preSolution
		Debug|Any CPU = Debug|Any CPU
		Release|Any CPU = Release|Any CPU
	EndGlobalSection
	GlobalSection(ProjectConfigurationPlatforms) = postSolution
		{BFDC080C-4378-4507-A301-1F28BE96E5B8}.Debug|Any CPU.ActiveCfg = Debug|Any CPU
		{BFDC080C-4378-4507-A301-1F28BE96E5B8}.Debug|Any CPU.Build.0 = Debug|Any CPU
		{BFDC080C-4378-4507-A301-1F28BE96E5B8}.Release|Any CPU.ActiveCfg = Release|Any CPU
		{BFDC080C-4378-4507-A301-1F28BE96E5B8}.Release|Any CPU.Build.0 = Release|Any CPU
		{D3D4853D-C720-4F5A-9A95-A5CD8FE2A995}.Debug|Any CPU.ActiveCfg = Debug|Any CPU
		{D3D4853D-C720-4F5A-9A95-A5CD8FE2A995}.Debug|Any CPU.Build.0 = Debug|Any CPU
		{D3D4853D-C720-4F5A-9A95-A5CD8FE2A995}.Release|Any CPU.ActiveCfg = Release|Any CPU
		{D3D4853D-C720-4F5A-9A95-A5CD8FE2A995}.Release|Any CPU.Build.0 = Release|Any CPU
	EndGlobalSection
	GlobalSection(SolutionProperties) = preSolution
		HideSolutionNode = FALSE
	EndGlobalSection
	GlobalSection(ExtensibilityGlobals) = postSolution
		SolutionGuid = {FCD34A56-B0F6-4764-9342-025D5C1C1E17}
	EndGlobalSection
EndGlobal
